
Microsoft Visual Studio Solution File, Format Version 12.00
# Visual Studio Version 17
VisualStudioVersion = 17.2.32616.157
MinimumVisualStudioVersion = 10.0.40219.1
Project("{FAE04EC0-301F-11D3-BF4B-00C04F79EFBC}") = "Lab_TabControl", "Lab_TabControl.csproj", "{170BD10B-D7CE-482A-9D32-46C15F4B841E}"
EndProject
Global
	GlobalSection(SolutionConfigurationPlatforms) = preSolution
		Debug|Any CPU = Debug|Any CPU
		Release|Any CPU = Release|Any CPU
	EndGlobalSection
	GlobalSection(ProjectConfigurationPlatforms) = postSolution
		{170BD10B-D7CE-482A-9D32-46C15F4B841E}.Debug|Any CPU.ActiveCfg = Debug|Any CPU
		{170BD10B-D7CE-482A-9D32-46C15F4B841E}.Debug|Any CPU.Build.0 = Debug|Any CPU
		{170BD10B-D7CE-482A-9D32-46C15F4B841E}.Release|Any CPU.ActiveCfg = Release|Any CPU
		{170BD10B-D7CE-482A-9D32-46C15F4B841E}.Release|Any CPU.Build.0 = Release|Any CPU
	EndGlobalSection
	GlobalSection(SolutionProperties) = preSolution
		HideSolutionNode = FALSE
	EndGlobalSection
	GlobalSection(ExtensibilityGlobals) = postSolution
		SolutionGuid = {F44E8ABF-6386-4CC6-B4BB-CB1E95673509}
	EndGlobalSection
EndGlobal
