
Microsoft Visual Studio Solution File, Format Version 12.00
# Visual Studio Version 17
VisualStudioVersion = 17.2.32616.157
MinimumVisualStudioVersion = 10.0.40219.1
Project("{FAE04EC0-301F-11D3-BF4B-00C04F79EFBC}") = "MonthCalendar_Tsk1", "MonthCalendar_Tsk1.csproj", "{E274993E-DDDC-41EC-BC07-2C60EF44C774}"
EndProject
Global
	GlobalSection(SolutionConfigurationPlatforms) = preSolution
		Debug|Any CPU = Debug|Any CPU
		Release|Any CPU = Release|Any CPU
	EndGlobalSection
	GlobalSection(ProjectConfigurationPlatforms) = postSolution
		{E274993E-DDDC-41EC-BC07-2C60EF44C774}.Debug|Any CPU.ActiveCfg = Debug|Any CPU
		{E274993E-DDDC-41EC-BC07-2C60EF44C774}.Debug|Any CPU.Build.0 = Debug|Any CPU
		{E274993E-DDDC-41EC-BC07-2C60EF44C774}.Release|Any CPU.ActiveCfg = Release|Any CPU
		{E274993E-DDDC-41EC-BC07-2C60EF44C774}.Release|Any CPU.Build.0 = Release|Any CPU
	EndGlobalSection
	GlobalSection(SolutionProperties) = preSolution
		HideSolutionNode = FALSE
	EndGlobalSection
	GlobalSection(ExtensibilityGlobals) = postSolution
		SolutionGuid = {8BF84641-3E47-4E5A-8B5B-7F3BA2E86B67}
	EndGlobalSection
EndGlobal
