
Microsoft Visual Studio Solution File, Format Version 12.00
# Visual Studio Version 17
VisualStudioVersion = 17.2.32616.157
MinimumVisualStudioVersion = 10.0.40219.1
Project("{FAE04EC0-301F-11D3-BF4B-00C04F79EFBC}") = "Lab_TabControl2", "Lab_TabControl2.csproj", "{5EFCB16A-778F-4F9D-8863-0250692234F4}"
EndProject
Global
	GlobalSection(SolutionConfigurationPlatforms) = preSolution
		Debug|Any CPU = Debug|Any CPU
		Release|Any CPU = Release|Any CPU
	EndGlobalSection
	GlobalSection(ProjectConfigurationPlatforms) = postSolution
		{5EFCB16A-778F-4F9D-8863-0250692234F4}.Debug|Any CPU.ActiveCfg = Debug|Any CPU
		{5EFCB16A-778F-4F9D-8863-0250692234F4}.Debug|Any CPU.Build.0 = Debug|Any CPU
		{5EFCB16A-778F-4F9D-8863-0250692234F4}.Release|Any CPU.ActiveCfg = Release|Any CPU
		{5EFCB16A-778F-4F9D-8863-0250692234F4}.Release|Any CPU.Build.0 = Release|Any CPU
	EndGlobalSection
	GlobalSection(SolutionProperties) = preSolution
		HideSolutionNode = FALSE
	EndGlobalSection
	GlobalSection(ExtensibilityGlobals) = postSolution
		SolutionGuid = {3C77221E-DA6A-4FF3-93D5-010B2FA89097}
	EndGlobalSection
EndGlobal
